<?xml version="1.0" encoding="utf-8"?>
<Project ToolsVersion="4.0" xmlns="http://schemas.microsoft.com/developer/msbuild/2003">
  <ItemGroup>
    <Filter Include="Source Files">
      <UniqueIdentifier>{4FC737F1-C7A5-4376-A066-2A32D752A2FF}</UniqueIdentifier>
      <Extensions>cpp;c;cxx;def;odl;idl;hpj;bat;asm;asmx;h</Extensions>
    </Filter>
  </ItemGroup>
  <ItemGroup>
    <ClCompile Include="array.cpp">
      <Filter>Source Files</Filter>
    </ClCompile>
    <ClCompile Include="AxialBox.cpp">
      <Filter>Source Files</Filter>
    </ClCompile>
    <ClCompile Include="Base.cpp">
      <Filter>Source Files</Filter>
    </ClCompile>
    <ClCompile Include="BmpImage.cpp">
      <Filter>Source Files</Filter>
    </ClCompile>
    <ClCompile Include="BmpImageJpeg.cpp">
      <Filter>Source Files</Filter>
    </ClCompile>
    <ClCompile Include="Buffer.cpp">
      <Filter>Source Files</Filter>
    </ClCompile>
    <ClCompile Include="Callback.cpp">
      <Filter>Source Files</Filter>
    </ClCompile>
    <ClCompile Include="circular_array.cpp">
      <Filter>Source Files</Filter>
    </ClCompile>
    <ClCompile Include="Color.cpp">
      <Filter>Source Files</Filter>
    </ClCompile>
    <ClCompile Include="CommonPrefs.cpp">
      <Filter>Source Files</Filter>
    </ClCompile>
    <ClCompile Include="ConvexDecomp2d.cpp">
      <Filter>Source Files</Filter>
    </ClCompile>
    <ClCompile Include="ConvexHullBuilder2d.cpp">
      <Filter>Source Files</Filter>
    </ClCompile>
    <ClCompile Include="ConvexHullBuilder3d.cpp">
      <Filter>Source Files</Filter>
    </ClCompile>
    <ClCompile Include="ConvexHullTree.cpp">
      <Filter>Source Files</Filter>
    </ClCompile>
    <ClCompile Include="crc.cpp">
      <Filter>Source Files</Filter>
    </ClCompile>
    <ClCompile Include="DirChangeWatcher.cpp">
      <Filter>Source Files</Filter>
    </ClCompile>
    <ClCompile Include="File.cpp">
      <Filter>Source Files</Filter>
    </ClCompile>
    <ClCompile Include="FileUtil.cpp">
      <Filter>Source Files</Filter>
    </ClCompile>
    <ClCompile Include="Filter.cpp">
      <Filter>Source Files</Filter>
    </ClCompile>
    <ClCompile Include="FloatImage.cpp">
      <Filter>Source Files</Filter>
    </ClCompile>
    <ClCompile Include="FloatRow.cpp">
      <Filter>Source Files</Filter>
    </ClCompile>
    <ClCompile Include="FloatUtil.cpp">
      <Filter>Source Files</Filter>
    </ClCompile>
    <ClCompile Include="Frame3.cpp">
      <Filter>Source Files</Filter>
    </ClCompile>
    <ClCompile Include="Frame3Scaled.cpp">
      <Filter>Source Files</Filter>
    </ClCompile>
    <ClCompile Include="Frame3Util.cpp">
      <Filter>Source Files</Filter>
    </ClCompile>
    <ClCompile Include="inc.cpp">
      <Filter>Source Files</Filter>
    </ClCompile>
    <ClCompile Include="IntGeometry.cpp">
      <Filter>Source Files</Filter>
    </ClCompile>
    <ClCompile Include="Journal.cpp">
      <Filter>Source Files</Filter>
    </ClCompile>
    <ClCompile Include="Link.cpp">
      <Filter>Source Files</Filter>
    </ClCompile>
    <ClCompile Include="Log.cpp">
      <Filter>Source Files</Filter>
    </ClCompile>
    <ClCompile Include="lsqr.cpp">
      <Filter>Source Files</Filter>
    </ClCompile>
    <ClCompile Include="Mat2.cpp">
      <Filter>Source Files</Filter>
    </ClCompile>
    <ClCompile Include="Mat3.cpp">
      <Filter>Source Files</Filter>
    </ClCompile>
    <ClCompile Include="Mat3Util.cpp">
      <Filter>Source Files</Filter>
    </ClCompile>
    <ClCompile Include="Mat4.cpp">
      <Filter>Source Files</Filter>
    </ClCompile>
    <ClCompile Include="MatNM.cpp">
      <Filter>Source Files</Filter>
    </ClCompile>
    <ClCompile Include="MeteredSection.cpp">
      <Filter>Source Files</Filter>
    </ClCompile>
    <ClCompile Include="OrientedBox.cpp">
      <Filter>Source Files</Filter>
    </ClCompile>
    <ClCompile Include="Plane.cpp">
      <Filter>Source Files</Filter>
    </ClCompile>
    <ClCompile Include="Plane2.cpp">
      <Filter>Source Files</Filter>
    </ClCompile>
    <ClCompile Include="PrefBlock.cpp">
      <Filter>Source Files</Filter>
    </ClCompile>
    <ClCompile Include="Prefs.cpp">
      <Filter>Source Files</Filter>
    </ClCompile>
    <ClCompile Include="profiler.cpp">
      <Filter>Source Files</Filter>
    </ClCompile>
    <ClCompile Include="Quat.cpp">
      <Filter>Source Files</Filter>
    </ClCompile>
    <ClCompile Include="QuatUtil.cpp">
      <Filter>Source Files</Filter>
    </ClCompile>
    <ClCompile Include="Rand.cpp">
      <Filter>Source Files</Filter>
    </ClCompile>
    <ClCompile Include="Rect.cpp">
      <Filter>Source Files</Filter>
    </ClCompile>
    <ClCompile Include="RefCounted.cpp">
      <Filter>Source Files</Filter>
    </ClCompile>
    <ClCompile Include="Reflection.cpp">
      <Filter>Source Files</Filter>
    </ClCompile>
    <ClCompile Include="safeprintf.cpp">
      <Filter>Source Files</Filter>
    </ClCompile>
    <ClCompile Include="Segment.cpp">
      <Filter>Source Files</Filter>
    </ClCompile>
    <ClCompile Include="SmallAllocator_Greedy.cpp">
      <Filter>Source Files</Filter>
    </ClCompile>
    <ClCompile Include="Sphere.cpp">
      <Filter>Source Files</Filter>
    </ClCompile>
    <ClCompile Include="SphereNormals.cpp">
      <Filter>Source Files</Filter>
    </ClCompile>
    <ClCompile Include="SPtr.cpp">
      <Filter>Source Files</Filter>
    </ClCompile>
    <ClCompile Include="stl_basics.cpp">
      <Filter>Source Files</Filter>
    </ClCompile>
    <ClCompile Include="String.cpp">
      <Filter>Source Files</Filter>
    </ClCompile>
    <ClCompile Include="TextureInfo.cpp">
      <Filter>Source Files</Filter>
    </ClCompile>
    <ClCompile Include="Timer.cpp">
      <Filter>Source Files</Filter>
    </ClCompile>
    <ClCompile Include="token.cpp">
      <Filter>Source Files</Filter>
    </ClCompile>
    <ClCompile Include="Triangulate2d.cpp">
      <Filter>Source Files</Filter>
    </ClCompile>
    <ClCompile Include="TypeTraits.cpp">
      <Filter>Source Files</Filter>
    </ClCompile>
    <ClCompile Include="Util.cpp">
      <Filter>Source Files</Filter>
    </ClCompile>
    <ClCompile Include="vec2.cpp">
      <Filter>Source Files</Filter>
    </ClCompile>
    <ClCompile Include="Vec2i.cpp">
      <Filter>Source Files</Filter>
    </ClCompile>
    <ClCompile Include="vec2u.cpp">
      <Filter>Source Files</Filter>
    </ClCompile>
    <ClCompile Include="vec3.cpp">
      <Filter>Source Files</Filter>
    </ClCompile>
    <ClCompile Include="Vec3i.cpp">
      <Filter>Source Files</Filter>
    </ClCompile>
    <ClCompile Include="vec3u.cpp">
      <Filter>Source Files</Filter>
    </ClCompile>
    <ClCompile Include="Vec4.cpp">
      <Filter>Source Files</Filter>
    </ClCompile>
    <ClCompile Include="VecN.cpp">
      <Filter>Source Files</Filter>
    </ClCompile>
    <ClCompile Include="vecsortedpair.cpp">
      <Filter>Source Files</Filter>
    </ClCompile>
    <ClCompile Include="vector.cpp">
      <Filter>Source Files</Filter>
    </ClCompile>
    <ClCompile Include="vector_a.cpp">
      <Filter>Source Files</Filter>
    </ClCompile>
    <ClCompile Include="VolumeBuilder.cpp">
      <Filter>Source Files</Filter>
    </ClCompile>
    <ClCompile Include="VolumeUtil.cpp">
      <Filter>Source Files</Filter>
    </ClCompile>
    <ClCompile Include="WeakPtr.cpp">
      <Filter>Source Files</Filter>
    </ClCompile>
    <ClCompile Include="Win32Util.cpp">
      <Filter>Source Files</Filter>
    </ClCompile>
    <ClCompile Include="Wnd.cpp">
      <Filter>Source Files</Filter>
    </ClCompile>
  </ItemGroup>
  <ItemGroup>
    <ClInclude Include="array.h">
      <Filter>Source Files</Filter>
    </ClInclude>
    <ClInclude Include="AxialBox.h">
      <Filter>Source Files</Filter>
    </ClInclude>
    <ClInclude Include="Base.h">
      <Filter>Source Files</Filter>
    </ClInclude>
    <ClInclude Include="BmpImage.h">
      <Filter>Source Files</Filter>
    </ClInclude>
    <ClInclude Include="BmpImageJpeg.h">
      <Filter>Source Files</Filter>
    </ClInclude>
    <ClInclude Include="Buffer.h">
      <Filter>Source Files</Filter>
    </ClInclude>
    <ClInclude Include="Callback.h">
      <Filter>Source Files</Filter>
    </ClInclude>
    <ClInclude Include="circular_array.h">
      <Filter>Source Files</Filter>
    </ClInclude>
    <ClInclude Include="Color.h">
      <Filter>Source Files</Filter>
    </ClInclude>
    <ClInclude Include="CommonPrefs.h">
      <Filter>Source Files</Filter>
    </ClInclude>
    <ClInclude Include="ConvexDecomp2d.h">
      <Filter>Source Files</Filter>
    </ClInclude>
    <ClInclude Include="ConvexHullBuilder2d.h">
      <Filter>Source Files</Filter>
    </ClInclude>
    <ClInclude Include="ConvexHullBuilder3d.h">
      <Filter>Source Files</Filter>
    </ClInclude>
    <ClInclude Include="ConvexHullTree.h">
      <Filter>Source Files</Filter>
    </ClInclude>
    <ClInclude Include="crc.h">
      <Filter>Source Files</Filter>
    </ClInclude>
    <ClInclude Include="DirChangeWatcher.h">
      <Filter>Source Files</Filter>
    </ClInclude>
    <ClInclude Include="entry_array.h">
      <Filter>Source Files</Filter>
    </ClInclude>
    <ClInclude Include="equivalent_functor.h">
      <Filter>Source Files</Filter>
    </ClInclude>
    <ClInclude Include="File.h">
      <Filter>Source Files</Filter>
    </ClInclude>
    <ClInclude Include="FileUtil.h">
      <Filter>Source Files</Filter>
    </ClInclude>
    <ClInclude Include="Filter.h">
      <Filter>Source Files</Filter>
    </ClInclude>
    <ClInclude Include="FloatImage.h">
      <Filter>Source Files</Filter>
    </ClInclude>
    <ClInclude Include="FloatRow.h">
      <Filter>Source Files</Filter>
    </ClInclude>
    <ClInclude Include="FloatUtil.h">
      <Filter>Source Files</Filter>
    </ClInclude>
    <ClInclude Include="Frame3.h">
      <Filter>Source Files</Filter>
    </ClInclude>
    <ClInclude Include="Frame3Scaled.h">
      <Filter>Source Files</Filter>
    </ClInclude>
    <ClInclude Include="Frame3Util.h">
      <Filter>Source Files</Filter>
    </ClInclude>
    <ClInclude Include="inc.h">
      <Filter>Source Files</Filter>
    </ClInclude>
    <ClInclude Include="IntGeometry.h">
      <Filter>Source Files</Filter>
    </ClInclude>
    <ClInclude Include="Journal.h">
      <Filter>Source Files</Filter>
    </ClInclude>
    <ClInclude Include="Link.h">
      <Filter>Source Files</Filter>
    </ClInclude>
    <ClInclude Include="linklib.h">
      <Filter>Source Files</Filter>
    </ClInclude>
    <ClInclude Include="Log.h">
      <Filter>Source Files</Filter>
    </ClInclude>
    <ClInclude Include="lsqr.h">
      <Filter>Source Files</Filter>
    </ClInclude>
    <ClInclude Include="Mat2.h">
      <Filter>Source Files</Filter>
    </ClInclude>
    <ClInclude Include="Mat3.h">
      <Filter>Source Files</Filter>
    </ClInclude>
    <ClInclude Include="Mat3Util.h">
      <Filter>Source Files</Filter>
    </ClInclude>
    <ClInclude Include="Mat4.h">
      <Filter>Source Files</Filter>
    </ClInclude>
    <ClInclude Include="MatNM.h">
      <Filter>Source Files</Filter>
    </ClInclude>
    <ClInclude Include="MeteredSection.h">
      <Filter>Source Files</Filter>
    </ClInclude>
    <ClInclude Include="OrientedBox.h">
      <Filter>Source Files</Filter>
    </ClInclude>
    <ClInclude Include="Plane.h">
      <Filter>Source Files</Filter>
    </ClInclude>
    <ClInclude Include="Plane2.h">
      <Filter>Source Files</Filter>
    </ClInclude>
    <ClInclude Include="PrefBlock.h">
      <Filter>Source Files</Filter>
    </ClInclude>
    <ClInclude Include="Prefs.h">
      <Filter>Source Files</Filter>
    </ClInclude>
    <ClInclude Include="profiler.h">
      <Filter>Source Files</Filter>
    </ClInclude>
    <ClInclude Include="Quat.h">
      <Filter>Source Files</Filter>
    </ClInclude>
    <ClInclude Include="QuatUtil.h">
      <Filter>Source Files</Filter>
    </ClInclude>
    <ClInclude Include="Rand.h">
      <Filter>Source Files</Filter>
    </ClInclude>
    <ClInclude Include="Rect.h">
      <Filter>Source Files</Filter>
    </ClInclude>
    <ClInclude Include="RefCounted.h">
      <Filter>Source Files</Filter>
    </ClInclude>
    <ClInclude Include="Reflection.h">
      <Filter>Source Files</Filter>
    </ClInclude>
    <ClInclude Include="ReflectionMacros.h">
      <Filter>Source Files</Filter>
    </ClInclude>
    <ClInclude Include="safeprintf.h">
      <Filter>Source Files</Filter>
    </ClInclude>
    <ClInclude Include="Segment.h">
      <Filter>Source Files</Filter>
    </ClInclude>
    <ClInclude Include="SmallAllocator_Greedy.h">
      <Filter>Source Files</Filter>
    </ClInclude>
    <ClInclude Include="Sphere.h">
      <Filter>Source Files</Filter>
    </ClInclude>
    <ClInclude Include="SphereNormals.h">
      <Filter>Source Files</Filter>
    </ClInclude>
    <ClInclude Include="SPtr.h">
      <Filter>Source Files</Filter>
    </ClInclude>
    <ClInclude Include="stl_basics.h">
      <Filter>Source Files</Filter>
    </ClInclude>
    <ClInclude Include="String.h">
      <Filter>Source Files</Filter>
    </ClInclude>
    <ClInclude Include="TextureInfo.h">
      <Filter>Source Files</Filter>
    </ClInclude>
    <ClInclude Include="Timer.h">
      <Filter>Source Files</Filter>
    </ClInclude>
    <ClInclude Include="token.h">
      <Filter>Source Files</Filter>
    </ClInclude>
    <ClInclude Include="TokenHash.h">
      <Filter>Source Files</Filter>
    </ClInclude>
    <ClInclude Include="Triangulate2d.h">
      <Filter>Source Files</Filter>
    </ClInclude>
    <ClInclude Include="TypeTraits.h">
      <Filter>Source Files</Filter>
    </ClInclude>
    <ClInclude Include="Util.h">
      <Filter>Source Files</Filter>
    </ClInclude>
    <ClInclude Include="vec2.h">
      <Filter>Source Files</Filter>
    </ClInclude>
    <ClInclude Include="Vec2i.h">
      <Filter>Source Files</Filter>
    </ClInclude>
    <ClInclude Include="vec2u.h">
      <Filter>Source Files</Filter>
    </ClInclude>
    <ClInclude Include="vec3.h">
      <Filter>Source Files</Filter>
    </ClInclude>
    <ClInclude Include="Vec3i.h">
      <Filter>Source Files</Filter>
    </ClInclude>
    <ClInclude Include="vec3u.h">
      <Filter>Source Files</Filter>
    </ClInclude>
    <ClInclude Include="Vec4.h">
      <Filter>Source Files</Filter>
    </ClInclude>
    <ClInclude Include="VecN.h">
      <Filter>Source Files</Filter>
    </ClInclude>
    <ClInclude Include="vecsorted.h">
      <Filter>Source Files</Filter>
    </ClInclude>
    <ClInclude Include="vecsortedpair.h">
      <Filter>Source Files</Filter>
    </ClInclude>
    <ClInclude Include="vector.h">
      <Filter>Source Files</Filter>
    </ClInclude>
    <ClInclude Include="vector_a.h">
      <Filter>Source Files</Filter>
    </ClInclude>
    <ClInclude Include="vector_flex.h">
      <Filter>Source Files</Filter>
    </ClInclude>
    <ClInclude Include="vector_s.h">
      <Filter>Source Files</Filter>
    </ClInclude>
    <ClInclude Include="vector_t.h">
      <Filter>Source Files</Filter>
    </ClInclude>
    <ClInclude Include="vector_util.h">
      <Filter>Source Files</Filter>
    </ClInclude>
    <ClInclude Include="VolumeBuilder.h">
      <Filter>Source Files</Filter>
    </ClInclude>
    <ClInclude Include="VolumeUtil.h">
      <Filter>Source Files</Filter>
    </ClInclude>
    <ClInclude Include="WeakPtr.h">
      <Filter>Source Files</Filter>
    </ClInclude>
    <ClInclude Include="Win32Util.h">
      <Filter>Source Files</Filter>
    </ClInclude>
    <ClInclude Include="Wnd.h">
      <Filter>Source Files</Filter>
    </ClInclude>
  </ItemGroup>
  <ItemGroup>
    <None Include="safeprintf.inc">
      <Filter>Source Files</Filter>
    </None>
    <None Include="ReadMe.txt" />
  </ItemGroup>
</Project>